
Microsoft Visual Studio Solution File, Format Version 12.00
# Visual Studio 15
VisualStudioVersion = 15.0.28010.2026
MinimumVisualStudioVersion = 10.0.40219.1
Project("{FAE04EC0-301F-11D3-BF4B-00C04F79EFBC}") = "FinesseNailsApp.Android", "FinesseNailsApp\FinesseNailsApp.Android\FinesseNailsApp.Android.csproj", "{5C6A066F-978B-417D-BE73-48CCF06162BA}"
EndProject
Project("{FAE04EC0-301F-11D3-BF4B-00C04F79EFBC}") = "FinesseNailsApp.iOS", "FinesseNailsApp\FinesseNailsApp.iOS\FinesseNailsApp.iOS.csproj", "{ED736A8D-8170-426E-85E1-49334AC095F4}"
EndProject
Project("{FAE04EC0-301F-11D3-BF4B-00C04F79EFBC}") = "FinesseNailsApp", "FinesseNailsApp\FinesseNailsApp\FinesseNailsApp.csproj", "{B0343C54-7DB5-4225-A4E2-B65EBC8C1BEA}"
EndProject
Global
	GlobalSection(SolutionConfigurationPlatforms) = preSolution
		Ad-Hoc|Any CPU = Ad-Hoc|Any CPU
		Ad-Hoc|iPhone = Ad-Hoc|iPhone
		Ad-Hoc|iPhoneSimulator = Ad-Hoc|iPhoneSimulator
		AppStore|Any CPU = AppStore|Any CPU
		AppStore|iPhone = AppStore|iPhone
		AppStore|iPhoneSimulator = AppStore|iPhoneSimulator
		Debug|Any CPU = Debug|Any CPU
		Debug|iPhone = Debug|iPhone
		Debug|iPhoneSimulator = Debug|iPhoneSimulator
		Release|Any CPU = Release|Any CPU
		Release|iPhone = Release|iPhone
		Release|iPhoneSimulator = Release|iPhoneSimulator
	EndGlobalSection
	GlobalSection(ProjectConfigurationPlatforms) = postSolution
		{5C6A066F-978B-417D-BE73-48CCF06162BA}.Ad-Hoc|Any CPU.ActiveCfg = Release|Any CPU
		{5C6A066F-978B-417D-BE73-48CCF06162BA}.Ad-Hoc|Any CPU.Build.0 = Release|Any CPU
		{5C6A066F-978B-417D-BE73-48CCF06162BA}.Ad-Hoc|Any CPU.Deploy.0 = Release|Any CPU
		{5C6A066F-978B-417D-BE73-48CCF06162BA}.Ad-Hoc|iPhone.ActiveCfg = Release|Any CPU
		{5C6A066F-978B-417D-BE73-48CCF06162BA}.Ad-Hoc|iPhone.Build.0 = Release|Any CPU
		{5C6A066F-978B-417D-BE73-48CCF06162BA}.Ad-Hoc|iPhone.Deploy.0 = Release|Any CPU
		{5C6A066F-978B-417D-BE73-48CCF06162BA}.Ad-Hoc|iPhoneSimulator.ActiveCfg = Release|Any CPU
		{5C6A066F-978B-417D-BE73-48CCF06162BA}.Ad-Hoc|iPhoneSimulator.Build.0 = Release|Any CPU
		{5C6A066F-978B-417D-BE73-48CCF06162BA}.Ad-Hoc|iPhoneSimulator.Deploy.0 = Release|Any CPU
		{5C6A066F-978B-417D-BE73-48CCF06162BA}.AppStore|Any CPU.ActiveCfg = Release|Any CPU
		{5C6A066F-978B-417D-BE73-48CCF06162BA}.AppStore|Any CPU.Build.0 = Release|Any CPU
		{5C6A066F-978B-417D-BE73-48CCF06162BA}.AppStore|Any CPU.Deploy.0 = Release|Any CPU
		{5C6A066F-978B-417D-BE73-48CCF06162BA}.AppStore|iPhone.ActiveCfg = Release|Any CPU
		{5C6A066F-978B-417D-BE73-48CCF06162BA}.AppStore|iPhone.Build.0 = Release|Any CPU
		{5C6A066F-978B-417D-BE73-48CCF06162BA}.AppStore|iPhone.Deploy.0 = Release|Any CPU
		{5C6A066F-978B-417D-BE73-48CCF06162BA}.AppStore|iPhoneSimulator.ActiveCfg = Release|Any CPU
		{5C6A066F-978B-417D-BE73-48CCF06162BA}.AppStore|iPhoneSimulator.Build.0 = Release|Any CPU
		{5C6A066F-978B-417D-BE73-48CCF06162BA}.AppStore|iPhoneSimulator.Deploy.0 = Release|Any CPU
		{5C6A066F-978B-417D-BE73-48CCF06162BA}.Debug|Any CPU.ActiveCfg = Debug|Any CPU
		{5C6A066F-978B-417D-BE73-48CCF06162BA}.Debug|Any CPU.Build.0 = Debug|Any CPU
		{5C6A066F-978B-417D-BE73-48CCF06162BA}.Debug|Any CPU.Deploy.0 = Debug|Any CPU
		{5C6A066F-978B-417D-BE73-48CCF06162BA}.Debug|iPhone.ActiveCfg = Debug|Any CPU
		{5C6A066F-978B-417D-BE73-48CCF06162BA}.Debug|iPhone.Build.0 = Debug|Any CPU
		{5C6A066F-978B-417D-BE73-48CCF06162BA}.Debug|iPhone.Deploy.0 = Debug|Any CPU
		{5C6A066F-978B-417D-BE73-48CCF06162BA}.Debug|iPhoneSimulator.ActiveCfg = Debug|Any CPU
		{5C6A066F-978B-417D-BE73-48CCF06162BA}.Debug|iPhoneSimulator.Build.0 = Debug|Any CPU
		{5C6A066F-978B-417D-BE73-48CCF06162BA}.Debug|iPhoneSimulator.Deploy.0 = Debug|Any CPU
		{5C6A066F-978B-417D-BE73-48CCF06162BA}.Release|Any CPU.ActiveCfg = Release|Any CPU
		{5C6A066F-978B-417D-BE73-48CCF06162BA}.Release|Any CPU.Build.0 = Release|Any CPU
		{5C6A066F-978B-417D-BE73-48CCF06162BA}.Release|Any CPU.Deploy.0 = Release|Any CPU
		{5C6A066F-978B-417D-BE73-48CCF06162BA}.Release|iPhone.ActiveCfg = Release|Any CPU
		{5C6A066F-978B-417D-BE73-48CCF06162BA}.Release|iPhone.Build.0 = Release|Any CPU
		{5C6A066F-978B-417D-BE73-48CCF06162BA}.Release|iPhone.Deploy.0 = Release|Any CPU
		{5C6A066F-978B-417D-BE73-48CCF06162BA}.Release|iPhoneSimulator.ActiveCfg = Release|Any CPU
		{5C6A066F-978B-417D-BE73-48CCF06162BA}.Release|iPhoneSimulator.Build.0 = Release|Any CPU
		{5C6A066F-978B-417D-BE73-48CCF06162BA}.Release|iPhoneSimulator.Deploy.0 = Release|Any CPU
		{ED736A8D-8170-426E-85E1-49334AC095F4}.Ad-Hoc|Any CPU.ActiveCfg = Ad-Hoc|iPhone
		{ED736A8D-8170-426E-85E1-49334AC095F4}.Ad-Hoc|Any CPU.Build.0 = Ad-Hoc|iPhone
		{ED736A8D-8170-426E-85E1-49334AC095F4}.Ad-Hoc|Any CPU.Deploy.0 = Ad-Hoc|iPhone
		{ED736A8D-8170-426E-85E1-49334AC095F4}.Ad-Hoc|iPhone.ActiveCfg = Ad-Hoc|iPhone
		{ED736A8D-8170-426E-85E1-49334AC095F4}.Ad-Hoc|iPhone.Build.0 = Ad-Hoc|iPhone
		{ED736A8D-8170-426E-85E1-49334AC095F4}.Ad-Hoc|iPhone.Deploy.0 = Ad-Hoc|iPhone
		{ED736A8D-8170-426E-85E1-49334AC095F4}.Ad-Hoc|iPhoneSimulator.ActiveCfg = Ad-Hoc|iPhoneSimulator
		{ED736A8D-8170-426E-85E1-49334AC095F4}.Ad-Hoc|iPhoneSimulator.Build.0 = Ad-Hoc|iPhoneSimulator
		{ED736A8D-8170-426E-85E1-49334AC095F4}.Ad-Hoc|iPhoneSimulator.Deploy.0 = Ad-Hoc|iPhoneSimulator
		{ED736A8D-8170-426E-85E1-49334AC095F4}.AppStore|Any CPU.ActiveCfg = AppStore|iPhone
		{ED736A8D-8170-426E-85E1-49334AC095F4}.AppStore|Any CPU.Build.0 = AppStore|iPhone
		{ED736A8D-8170-426E-85E1-49334AC095F4}.AppStore|Any CPU.Deploy.0 = AppStore|iPhone
		{ED736A8D-8170-426E-85E1-49334AC095F4}.AppStore|iPhone.ActiveCfg = AppStore|iPhone
		{ED736A8D-8170-426E-85E1-49334AC095F4}.AppStore|iPhone.Build.0 = AppStore|iPhone
		{ED736A8D-8170-426E-85E1-49334AC095F4}.AppStore|iPhone.Deploy.0 = AppStore|iPhone
		{ED736A8D-8170-426E-85E1-49334AC095F4}.AppStore|iPhoneSimulator.ActiveCfg = AppStore|iPhoneSimulator
		{ED736A8D-8170-426E-85E1-49334AC095F4}.AppStore|iPhoneSimulator.Build.0 = AppStore|iPhoneSimulator
		{ED736A8D-8170-426E-85E1-49334AC095F4}.AppStore|iPhoneSimulator.Deploy.0 = AppStore|iPhoneSimulator
		{ED736A8D-8170-426E-85E1-49334AC095F4}.Debug|Any CPU.ActiveCfg = Debug|iPhoneSimulator
		{ED736A8D-8170-426E-85E1-49334AC095F4}.Debug|Any CPU.Build.0 = Debug|iPhoneSimulator
		{ED736A8D-8170-426E-85E1-49334AC095F4}.Debug|Any CPU.Deploy.0 = Debug|iPhoneSimulator
		{ED736A8D-8170-426E-85E1-49334AC095F4}.Debug|iPhone.ActiveCfg = Debug|iPhone
		{ED736A8D-8170-426E-85E1-49334AC095F4}.Debug|iPhone.Build.0 = Debug|iPhone
		{ED736A8D-8170-426E-85E1-49334AC095F4}.Debug|iPhone.Deploy.0 = Debug|iPhone
		{ED736A8D-8170-426E-85E1-49334AC095F4}.Debug|iPhoneSimulator.ActiveCfg = Debug|iPhoneSimulator
		{ED736A8D-8170-426E-85E1-49334AC095F4}.Debug|iPhoneSimulator.Build.0 = Debug|iPhoneSimulator
		{ED736A8D-8170-426E-85E1-49334AC095F4}.Debug|iPhoneSimulator.Deploy.0 = Debug|iPhoneSimulator
		{ED736A8D-8170-426E-85E1-49334AC095F4}.Release|Any CPU.ActiveCfg = Release|iPhone
		{ED736A8D-8170-426E-85E1-49334AC095F4}.Release|Any CPU.Build.0 = Release|iPhone
		{ED736A8D-8170-426E-85E1-49334AC095F4}.Release|Any CPU.Deploy.0 = Release|iPhone
		{ED736A8D-8170-426E-85E1-49334AC095F4}.Release|iPhone.ActiveCfg = Release|iPhone
		{ED736A8D-8170-426E-85E1-49334AC095F4}.Release|iPhone.Build.0 = Release|iPhone
		{ED736A8D-8170-426E-85E1-49334AC095F4}.Release|iPhone.Deploy.0 = Release|iPhone
		{ED736A8D-8170-426E-85E1-49334AC095F4}.Release|iPhoneSimulator.ActiveCfg = Release|iPhoneSimulator
		{ED736A8D-8170-426E-85E1-49334AC095F4}.Release|iPhoneSimulator.Build.0 = Release|iPhoneSimulator
		{ED736A8D-8170-426E-85E1-49334AC095F4}.Release|iPhoneSimulator.Deploy.0 = Release|iPhoneSimulator
		{B0343C54-7DB5-4225-A4E2-B65EBC8C1BEA}.Ad-Hoc|Any CPU.ActiveCfg = Debug|Any CPU
		{B0343C54-7DB5-4225-A4E2-B65EBC8C1BEA}.Ad-Hoc|Any CPU.Build.0 = Debug|Any CPU
		{B0343C54-7DB5-4225-A4E2-B65EBC8C1BEA}.Ad-Hoc|Any CPU.Deploy.0 = Debug|Any CPU
		{B0343C54-7DB5-4225-A4E2-B65EBC8C1BEA}.Ad-Hoc|iPhone.ActiveCfg = Debug|Any CPU
		{B0343C54-7DB5-4225-A4E2-B65EBC8C1BEA}.Ad-Hoc|iPhone.Build.0 = Debug|Any CPU
		{B0343C54-7DB5-4225-A4E2-B65EBC8C1BEA}.Ad-Hoc|iPhone.Deploy.0 = Debug|Any CPU
		{B0343C54-7DB5-4225-A4E2-B65EBC8C1BEA}.Ad-Hoc|iPhoneSimulator.ActiveCfg = Debug|Any CPU
		{B0343C54-7DB5-4225-A4E2-B65EBC8C1BEA}.Ad-Hoc|iPhoneSimulator.Build.0 = Debug|Any CPU
		{B0343C54-7DB5-4225-A4E2-B65EBC8C1BEA}.Ad-Hoc|iPhoneSimulator.Deploy.0 = Debug|Any CPU
		{B0343C54-7DB5-4225-A4E2-B65EBC8C1BEA}.AppStore|Any CPU.ActiveCfg = Debug|Any CPU
		{B0343C54-7DB5-4225-A4E2-B65EBC8C1BEA}.AppStore|Any CPU.Build.0 = Debug|Any CPU
		{B0343C54-7DB5-4225-A4E2-B65EBC8C1BEA}.AppStore|Any CPU.Deploy.0 = Debug|Any CPU
		{B0343C54-7DB5-4225-A4E2-B65EBC8C1BEA}.AppStore|iPhone.ActiveCfg = Debug|Any CPU
		{B0343C54-7DB5-4225-A4E2-B65EBC8C1BEA}.AppStore|iPhone.Build.0 = Debug|Any CPU
		{B0343C54-7DB5-4225-A4E2-B65EBC8C1BEA}.AppStore|iPhone.Deploy.0 = Debug|Any CPU
		{B0343C54-7DB5-4225-A4E2-B65EBC8C1BEA}.AppStore|iPhoneSimulator.ActiveCfg = Debug|Any CPU
		{B0343C54-7DB5-4225-A4E2-B65EBC8C1BEA}.AppStore|iPhoneSimulator.Build.0 = Debug|Any CPU
		{B0343C54-7DB5-4225-A4E2-B65EBC8C1BEA}.AppStore|iPhoneSimulator.Deploy.0 = Debug|Any CPU
		{B0343C54-7DB5-4225-A4E2-B65EBC8C1BEA}.Debug|Any CPU.ActiveCfg = Debug|Any CPU
		{B0343C54-7DB5-4225-A4E2-B65EBC8C1BEA}.Debug|Any CPU.Build.0 = Debug|Any CPU
		{B0343C54-7DB5-4225-A4E2-B65EBC8C1BEA}.Debug|Any CPU.Deploy.0 = Debug|Any CPU
		{B0343C54-7DB5-4225-A4E2-B65EBC8C1BEA}.Debug|iPhone.ActiveCfg = Debug|Any CPU
		{B0343C54-7DB5-4225-A4E2-B65EBC8C1BEA}.Debug|iPhone.Build.0 = Debug|Any CPU
		{B0343C54-7DB5-4225-A4E2-B65EBC8C1BEA}.Debug|iPhone.Deploy.0 = Debug|Any CPU
		{B0343C54-7DB5-4225-A4E2-B65EBC8C1BEA}.Debug|iPhoneSimulator.ActiveCfg = Debug|Any CPU
		{B0343C54-7DB5-4225-A4E2-B65EBC8C1BEA}.Debug|iPhoneSimulator.Build.0 = Debug|Any CPU
		{B0343C54-7DB5-4225-A4E2-B65EBC8C1BEA}.Debug|iPhoneSimulator.Deploy.0 = Debug|Any CPU
		{B0343C54-7DB5-4225-A4E2-B65EBC8C1BEA}.Release|Any CPU.ActiveCfg = Release|Any CPU
		{B0343C54-7DB5-4225-A4E2-B65EBC8C1BEA}.Release|Any CPU.Build.0 = Release|Any CPU
		{B0343C54-7DB5-4225-A4E2-B65EBC8C1BEA}.Release|Any CPU.Deploy.0 = Release|Any CPU
		{B0343C54-7DB5-4225-A4E2-B65EBC8C1BEA}.Release|iPhone.ActiveCfg = Release|Any CPU
		{B0343C54-7DB5-4225-A4E2-B65EBC8C1BEA}.Release|iPhone.Build.0 = Release|Any CPU
		{B0343C54-7DB5-4225-A4E2-B65EBC8C1BEA}.Release|iPhone.Deploy.0 = Release|Any CPU
		{B0343C54-7DB5-4225-A4E2-B65EBC8C1BEA}.Release|iPhoneSimulator.ActiveCfg = Release|Any CPU
		{B0343C54-7DB5-4225-A4E2-B65EBC8C1BEA}.Release|iPhoneSimulator.Build.0 = Release|Any CPU
		{B0343C54-7DB5-4225-A4E2-B65EBC8C1BEA}.Release|iPhoneSimulator.Deploy.0 = Release|Any CPU
	EndGlobalSection
	GlobalSection(SolutionProperties) = preSolution
		HideSolutionNode = FALSE
	EndGlobalSection
	GlobalSection(ExtensibilityGlobals) = postSolution
		SolutionGuid = {8EAC254D-7C56-4799-8445-BB531EF91BB9}
	EndGlobalSection
EndGlobal
